
Microsoft Visual Studio Solution File, Format Version 11.00
# Visual C++ Express 2010
Project("{8BC9CEB8-8B4A-11D0-8D11-00A0C91BC942}") = "3阶矩阵相乘", "3阶矩阵相乘\3阶矩阵相乘.vcxproj", "{A1FA10E2-4EB8-4FA8-8BFC-D3FD8900C83C}"
EndProject
Global
	GlobalSection(SolutionConfigurationPlatforms) = preSolution
		Debug|Win32 = Debug|Win32
		Release|Win32 = Release|Win32
	EndGlobalSection
	GlobalSection(ProjectConfigurationPlatforms) = postSolution
		{A1FA10E2-4EB8-4FA8-8BFC-D3FD8900C83C}.Debug|Win32.ActiveCfg = Debug|Win32
		{A1FA10E2-4EB8-4FA8-8BFC-D3FD8900C83C}.Debug|Win32.Build.0 = Debug|Win32
		{A1FA10E2-4EB8-4FA8-8BFC-D3FD8900C83C}.Release|Win32.ActiveCfg = Release|Win32
		{A1FA10E2-4EB8-4FA8-8BFC-D3FD8900C83C}.Release|Win32.Build.0 = Release|Win32
	EndGlobalSection
	GlobalSection(SolutionProperties) = preSolution
		HideSolutionNode = FALSE
	EndGlobalSection
EndGlobal
